<?xml version="1.0" encoding="utf-8"?>
<Project ToolsVersion="4.0" xmlns="http://schemas.microsoft.com/developer/msbuild/2003">
  <ItemGroup>
    <Filter Include="源文件">
      <UniqueIdentifier>{4FC737F1-C7A5-4376-A066-2A32D752A2FF}</UniqueIdentifier>
      <Extensions>cpp;c;cc;cxx;def;odl;idl;hpj;bat;asm;asmx</Extensions>
    </Filter>
    <Filter Include="头文件">
      <UniqueIdentifier>{93995380-89BD-4b04-88EB-625FBE52EBFB}</UniqueIdentifier>
      <Extensions>h;hpp;hxx;hm;inl;inc;xsd</Extensions>
    </Filter>
    <Filter Include="资源文件">
      <UniqueIdentifier>{67DA6AB6-F800-4c08-8B7A-83BB121AAD01}</UniqueIdentifier>
      <Extensions>rc;ico;cur;bmp;dlg;rc2;rct;bin;rgs;gif;jpg;jpeg;jpe;resx;tiff;tif;png;wav;mfcribbon-ms</Extensions>
    </Filter>
  </ItemGroup>
  <ItemGroup>
    <None Include="ReadMe.txt" />
    <None Include="res\FireFly.rc2">
      <Filter>资源文件</Filter>
    </None>
    <None Include="res\FireFly.ico">
      <Filter>资源文件</Filter>
    </None>
    <None Include="res\bkg.png">
      <Filter>资源文件</Filter>
    </None>
    <None Include="res\Close.png">
      <Filter>资源文件</Filter>
    </None>
    <None Include="res\Max.png">
      <Filter>资源文件</Filter>
    </None>
    <None Include="res\Min.png">
      <Filter>资源文件</Filter>
    </None>
    <None Include="res\Set.png">
      <Filter>资源文件</Filter>
    </None>
    <None Include="res\icon1.ico">
      <Filter>资源文件</Filter>
    </None>
    <None Include="res\firefly.png">
      <Filter>资源文件</Filter>
    </None>
    <None Include="res\title.png">
      <Filter>资源文件</Filter>
    </None>
    <None Include="res\ico.ico">
      <Filter>资源文件</Filter>
    </None>
    <None Include="res\BottmEdge.png">
      <Filter>资源文件</Filter>
    </None>
    <None Include="res\Hover.png">
      <Filter>资源文件</Filter>
    </None>
    <None Include="res\MainPage.png">
      <Filter>资源文件</Filter>
    </None>
    <None Include="res\Normal.png">
      <Filter>资源文件</Filter>
    </None>
    <None Include="res\Pushed.png">
      <Filter>资源文件</Filter>
    </None>
    <None Include="res\ProcManage.png">
      <Filter>资源文件</Filter>
    </None>
    <None Include="res\frame.png">
      <Filter>资源文件</Filter>
    </None>
    <None Include="res\line.png">
      <Filter>资源文件</Filter>
    </None>
    <None Include="res\ListHover.png">
      <Filter>资源文件</Filter>
    </None>
    <None Include="res\ListSelected.png">
      <Filter>资源文件</Filter>
    </None>
    <None Include="res\RemoteCMD.png">
      <Filter>资源文件</Filter>
    </None>
  </ItemGroup>
  <ItemGroup>
    <ClInclude Include="FireFly.h">
      <Filter>头文件</Filter>
    </ClInclude>
    <ClInclude Include="FireFlyDlg.h">
      <Filter>头文件</Filter>
    </ClInclude>
    <ClInclude Include="stdafx.h">
      <Filter>头文件</Filter>
    </ClInclude>
    <ClInclude Include="targetver.h">
      <Filter>头文件</Filter>
    </ClInclude>
    <ClInclude Include="Resource.h">
      <Filter>头文件</Filter>
    </ClInclude>
    <ClInclude Include="MemoryDC.h">
      <Filter>头文件</Filter>
    </ClInclude>
    <ClInclude Include="SkinManager.h">
      <Filter>头文件</Filter>
    </ClInclude>
    <ClInclude Include="MemoryImage.h">
      <Filter>头文件</Filter>
    </ClInclude>
    <ClInclude Include="CustomFuntion.h">
      <Filter>头文件</Filter>
    </ClInclude>
    <ClInclude Include="ClientSock.h">
      <Filter>头文件</Filter>
    </ClInclude>
    <ClInclude Include="sys.h">
      <Filter>头文件</Filter>
    </ClInclude>
    <ClInclude Include="GDIButton.h">
      <Filter>头文件</Filter>
    </ClInclude>
  </ItemGroup>
  <ItemGroup>
    <ClCompile Include="FireFly.cpp">
      <Filter>源文件</Filter>
    </ClCompile>
    <ClCompile Include="FireFlyDlg.cpp">
      <Filter>源文件</Filter>
    </ClCompile>
    <ClCompile Include="stdafx.cpp">
      <Filter>源文件</Filter>
    </ClCompile>
    <ClCompile Include="SkinManager.cpp">
      <Filter>源文件</Filter>
    </ClCompile>
    <ClCompile Include="MemoryImage.cpp">
      <Filter>源文件</Filter>
    </ClCompile>
    <ClCompile Include="CustomFuntion.cpp">
      <Filter>源文件</Filter>
    </ClCompile>
    <ClCompile Include="ClientSock.cpp">
      <Filter>源文件</Filter>
    </ClCompile>
    <ClCompile Include="GDIButton.cpp">
      <Filter>源文件</Filter>
    </ClCompile>
  </ItemGroup>
  <ItemGroup>
    <ResourceCompile Include="FireFly.rc">
      <Filter>资源文件</Filter>
    </ResourceCompile>
  </ItemGroup>
</Project>